Microsoft Visual Studio Solution File, Format Version 12.00
# Visual Studio Version 17
VisualStudioVersion = 17.5.2.0
MinimumVisualStudioVersion = 10.0.40219.1
Project("{FAE04EC0-301F-11D3-BF4B-00C04F79EFBC}") = "WigetBus", "WigetBus.csproj", "{7F9DB692-2F56-4C81-8B8C-F159D9408FAD}"
EndProject
Global
	GlobalSection(SolutionConfigurationPlatforms) = preSolution
		Debug|Any CPU = Debug|Any CPU
		Release|Any CPU = Release|Any CPU
	EndGlobalSection
	GlobalSection(ProjectConfigurationPlatforms) = postSolution
		{7F9DB692-2F56-4C81-8B8C-F159D9408FAD}.Debug|Any CPU.ActiveCfg = Debug|Any CPU
		{7F9DB692-2F56-4C81-8B8C-F159D9408FAD}.Debug|Any CPU.Build.0 = Debug|Any CPU
		{7F9DB692-2F56-4C81-8B8C-F159D9408FAD}.Release|Any CPU.ActiveCfg = Release|Any CPU
		{7F9DB692-2F56-4C81-8B8C-F159D9408FAD}.Release|Any CPU.Build.0 = Release|Any CPU
	EndGlobalSection
	GlobalSection(SolutionProperties) = preSolution
		HideSolutionNode = FALSE
	EndGlobalSection
	GlobalSection(ExtensibilityGlobals) = postSolution
		SolutionGuid = {DC6AEBD7-2729-4A93-8045-5E0B04EA4074}
	EndGlobalSection
EndGlobal


